// !$*UTF8*$!
{
	archiveVersion = 1;
	classes = {
	};
	objectVersion = 46;
	objects = {

/* Begin PBXBuildFile section */
		C4A4B5F91561CDD60039EBCC /* UIKit.framework in Frameworks */ = {isa = PBXBuildFile; fileRef = C4A4B5F81561CDD60039EBCC /* UIKit.framework */; };
		C4A4B5FB1561CDD60039EBCC /* Foundation.framework in Frameworks */ = {isa = PBXBuildFile; fileRef = C4A4B5FA1561CDD60039EBCC /* Foundation.framework */; };
		C4A4B5FD1561CDD60039EBCC /* CoreGraphics.framework in Frameworks */ = {isa = PBXBuildFile; fileRef = C4A4B5FC1561CDD60039EBCC /* CoreGraphics.framework */; };
		C4A4B6031561CDD60039EBCC /* InfoPlist.strings in Resources */ = {isa = PBXBuildFile; fileRef = C4A4B6011561CDD60039EBCC /* InfoPlist.strings */; };
		C4A4B6051561CDD60039EBCC /* main.m in Sources */ = {isa = PBXBuildFile; fileRef = C4A4B6041561CDD60039EBCC /* main.m */; };
		C4A4B6091561CDD60039EBCC /* AppDelegate.m in Sources */ = {isa = PBXBuildFile; fileRef = C4A4B6081561CDD60039EBCC /* AppDelegate.m */; };
		C4A4B60C1561CDD60039EBCC /* ViewController.m in Sources */ = {isa = PBXBuildFile; fileRef = C4A4B60B1561CDD60039EBCC /* ViewController.m */; };
		C4A4B60F1561CDD60039EBCC /* ViewController.xib in Resources */ = {isa = PBXBuildFile; fileRef = C4A4B60D1561CDD60039EBCC /* ViewController.xib */; };
		C4A4B6161561D1EF0039EBCC /* AddEvent.xib in Resources */ = {isa = PBXBuildFile; fileRef = C4A4B6151561D1EF0039EBCC /* AddEvent.xib */; };
		C4A4B6191561D2100039EBCC /* AddEventController.m in Sources */ = {isa = PBXBuildFile; fileRef = C4A4B6181561D2100039EBCC /* AddEventController.m */; };
/* End PBXBuildFile section */

/* Begin PBXFileReference section */
		C4A4B5F41561CDD60039EBCC /* Aoc2_W3.app */ = {isa = PBXFileReference; explicitFileType = wrapper.application; includeInIndex = 0; path = Aoc2_W3.app; sourceTree = BUILT_PRODUCTS_DIR; };
		C4A4B5F81561CDD60039EBCC /* UIKit.framework */ = {isa = PBXFileReference; lastKnownFileType = wrapper.framework; name = UIKit.framework; path = System/Library/Frameworks/UIKit.framework; sourceTree = SDKROOT; };
		C4A4B5FA1561CDD60039EBCC /* Foundation.framework */ = {isa = PBXFileReference; lastKnownFileType = wrapper.framework; name = Foundation.framework; path = System/Library/Frameworks/Foundation.framework; sourceTree = SDKROOT; };
		C4A4B5FC1561CDD60039EBCC /* CoreGraphics.framework */ = {isa = PBXFileReference; lastKnownFileType = wrapper.framework; name = CoreGraphics.framework; path = System/Library/Frameworks/CoreGraphics.framework; sourceTree = SDKROOT; };
		C4A4B6001561CDD60039EBCC /* Aoc2_W3-Info.plist */ = {isa = PBXFileReference; lastKnownFileType = text.plist.xml; path = "Aoc2_W3-Info.plist"; sourceTree = "<group>"; };
		C4A4B6021561CDD60039EBCC /* en */ = {isa = PBXFileReference; lastKnownFileType = text.plist.strings; name = en; path = en.lproj/InfoPlist.strings; sourceTree = "<group>"; };
		C4A4B6041561CDD60039EBCC /* main.m */ = {isa = PBXFileReference; lastKnownFileType = sourcecode.c.objc; path = main.m; sourceTree = "<group>"; };
		C4A4B6061561CDD60039EBCC /* Aoc2_W3-Prefix.pch */ = {isa = PBXFileReference; lastKnownFileType = sourcecode.c.h; path = "Aoc2_W3-Prefix.pch"; sourceTree = "<group>"; };
		C4A4B6071561CDD60039EBCC /* AppDelegate.h */ = {isa = PBXFileReference; lastKnownFileType = sourcecode.c.h; path = AppDelegate.h; sourceTree = "<group>"; };
		C4A4B6081561CDD60039EBCC /* AppDelegate.m */ = {isa = PBXFileReference; lastKnownFileType = sourcecode.c.objc; path = AppDelegate.m; sourceTree = "<group>"; };
		C4A4B60A1561CDD60039EBCC /* ViewController.h */ = {isa = PBXFileReference; lastKnownFileType = sourcecode.c.h; path = ViewController.h; sourceTree = "<group>"; };
		C4A4B60B1561CDD60039EBCC /* ViewController.m */ = {isa = PBXFileReference; lastKnownFileType = sourcecode.c.objc; path = ViewController.m; sourceTree = "<group>"; };
		C4A4B60E1561CDD60039EBCC /* en */ = {isa = PBXFileReference; lastKnownFileType = file.xib; name = en; path = en.lproj/ViewController.xib; sourceTree = "<group>"; };
		C4A4B6151561D1EF0039EBCC /* AddEvent.xib */ = {isa = PBXFileReference; fileEncoding = 4; lastKnownFileType = file.xib; path = AddEvent.xib; sourceTree = "<group>"; };
		C4A4B6171561D2100039EBCC /* AddEventController.h */ = {isa = PBXFileReference; fileEncoding = 4; lastKnownFileType = sourcecode.c.h; path = AddEventController.h; sourceTree = "<group>"; };
		C4A4B6181561D2100039EBCC /* AddEventController.m */ = {isa = PBXFileReference; fileEncoding = 4; lastKnownFileType = sourcecode.c.objc; path = AddEventController.m; sourceTree = "<group>"; };
/* End PBXFileReference section */

/* Begin PBXFrameworksBuildPhase section */
		C4A4B5F11561CDD60039EBCC /* Frameworks */ = {
			isa = PBXFrameworksBuildPhase;
			buildActionMask = 2147483647;
			files = (
				C4A4B5F91561CDD60039EBCC /* UIKit.framework in Frameworks */,
				C4A4B5FB1561CDD60039EBCC /* Foundation.framework in Frameworks */,
				C4A4B5FD1561CDD60039EBCC /* CoreGraphics.framework in Frameworks */,
			);
			runOnlyForDeploymentPostprocessing = 0;
		};
/* End PBXFrameworksBuildPhase section */

/* Begin PBXGroup section */
		C4A4B5E91561CDD60039EBCC = {
			isa = PBXGroup;
			children = (
				C4A4B5FE1561CDD60039EBCC /* Aoc2_W3 */,
				C4A4B5F71561CDD60039EBCC /* Frameworks */,
				C4A4B5F51561CDD60039EBCC /* Products */,
			);
			sourceTree = "<group>";
		};
		C4A4B5F51561CDD60039EBCC /* Products */ = {
			isa = PBXGroup;
			children = (
				C4A4B5F41561CDD60039EBCC /* Aoc2_W3.app */,
			);
			name = Products;
			sourceTree = "<group>";
		};
		C4A4B5F71561CDD60039EBCC /* Frameworks */ = {
			isa = PBXGroup;
			children = (
				C4A4B5F81561CDD60039EBCC /* UIKit.framework */,
				C4A4B5FA1561CDD60039EBCC /* Foundation.framework */,
				C4A4B5FC1561CDD60039EBCC /* CoreGraphics.framework */,
			);
			name = Frameworks;
			sourceTree = "<group>";
		};
		C4A4B5FE1561CDD60039EBCC /* Aoc2_W3 */ = {
			isa = PBXGroup;
			children = (
				C4A4B6071561CDD60039EBCC /* AppDelegate.h */,
				C4A4B6081561CDD60039EBCC /* AppDelegate.m */,
				C4A4B60A1561CDD60039EBCC /* ViewController.h */,
				C4A4B60B1561CDD60039EBCC /* ViewController.m */,
				C4A4B60D1561CDD60039EBCC /* ViewController.xib */,
				C4A4B5FF1561CDD60039EBCC /* Supporting Files */,
				C4A4B6151561D1EF0039EBCC /* AddEvent.xib */,
				C4A4B6171561D2100039EBCC /* AddEventController.h */,
				C4A4B6181561D2100039EBCC /* AddEventController.m */,
			);
			path = Aoc2_W3;
			sourceTree = "<group>";
		};
		C4A4B5FF1561CDD60039EBCC /* Supporting Files */ = {
			isa = PBXGroup;
			children = (
				C4A4B6001561CDD60039EBCC /* Aoc2_W3-Info.plist */,
				C4A4B6011561CDD60039EBCC /* InfoPlist.strings */,
				C4A4B6041561CDD60039EBCC /* main.m */,
				C4A4B6061561CDD60039EBCC /* Aoc2_W3-Prefix.pch */,
			);
			name = "Supporting Files";
			sourceTree = "<group>";
		};
/* End PBXGroup section */

/* Begin PBXNativeTarget section */
		C4A4B5F31561CDD60039EBCC /* Aoc2_W3 */ = {
			isa = PBXNativeTarget;
			buildConfigurationList = C4A4B6121561CDD60039EBCC /* Build configuration list for PBXNativeTarget "Aoc2_W3" */;
			buildPhases = (
				C4A4B5F01561CDD60039EBCC /* Sources */,
				C4A4B5F11561CDD60039EBCC /* Frameworks */,
				C4A4B5F21561CDD60039EBCC /* Resources */,
			);
			buildRules = (
			);
			dependencies = (
			);
			name = Aoc2_W3;
			productName = Aoc2_W3;
			productReference = C4A4B5F41561CDD60039EBCC /* Aoc2_W3.app */;
			productType = "com.apple.product-type.application";
		};
/* End PBXNativeTarget section */

/* Begin PBXProject section */
		C4A4B5EB1561CDD60039EBCC /* Project object */ = {
			isa = PBXProject;
			attributes = {
				LastUpgradeCheck = 0420;
				ORGANIZATIONNAME = "Full Sail University";
			};
			buildConfigurationList = C4A4B5EE1561CDD60039EBCC /* Build configuration list for PBXProject "Aoc2_W3" */;
			compatibilityVersion = "Xcode 3.2";
			developmentRegion = English;
			hasScannedForEncodings = 0;
			knownRegions = (
				en,
			);
			mainGroup = C4A4B5E91561CDD60039EBCC;
			productRefGroup = C4A4B5F51561CDD60039EBCC /* Products */;
			projectDirPath = "";
			projectRoot = "";
			targets = (
				C4A4B5F31561CDD60039EBCC /* Aoc2_W3 */,
			);
		};
/* End PBXProject section */

/* Begin PBXResourcesBuildPhase section */
		C4A4B5F21561CDD60039EBCC /* Resources */ = {
			isa = PBXResourcesBuildPhase;
			buildActionMask = 2147483647;
			files = (
				C4A4B6031561CDD60039EBCC /* InfoPlist.strings in Resources */,
				C4A4B60F1561CDD60039EBCC /* ViewController.xib in Resources */,
				C4A4B6161561D1EF0039EBCC /* AddEvent.xib in Resources */,
			);
			runOnlyForDeploymentPostprocessing = 0;
		};
/* End PBXResourcesBuildPhase section */

/* Begin PBXSourcesBuildPhase section */
		C4A4B5F01561CDD60039EBCC /* Sources */ = {
			isa = PBXSourcesBuildPhase;
			buildActionMask = 2147483647;
			files = (
				C4A4B6051561CDD60039EBCC /* main.m in Sources */,
				C4A4B6091561CDD60039EBCC /* AppDelegate.m in Sources */,
				C4A4B60C1561CDD60039EBCC /* ViewController.m in Sources */,
				C4A4B6191561D2100039EBCC /* AddEventController.m in Sources */,
			);
			runOnlyForDeploymentPostprocessing = 0;
		};
/* End PBXSourcesBuildPhase section */

/* Begin PBXVariantGroup section */
		C4A4B6011561CDD60039EBCC /* InfoPlist.strings */ = {
			isa = PBXVariantGroup;
			children = (
				C4A4B6021561CDD60039EBCC /* en */,
			);
			name = InfoPlist.strings;
			sourceTree = "<group>";
		};
		C4A4B60D1561CDD60039EBCC /* ViewController.xib */ = {
			isa = PBXVariantGroup;
			children = (
				C4A4B60E1561CDD60039EBCC /* en */,
			);
			name = ViewController.xib;
			sourceTree = "<group>";
		};
/* End PBXVariantGroup section */

/* Begin XCBuildConfiguration section */
		C4A4B6101561CDD60039EBCC /* Debug */ = {
			isa = XCBuildConfiguration;
			buildSettings = {
				ALWAYS_SEARCH_USER_PATHS = NO;
				ARCHS = "$(ARCHS_STANDARD_32_BIT)";
				"CODE_SIGN_IDENTITY[sdk=iphoneos*]" = "iPhone Developer";
				COPY_PHASE_STRIP = NO;
				GCC_C_LANGUAGE_STANDARD = gnu99;
				GCC_DYNAMIC_NO_PIC = NO;
				GCC_OPTIMIZATION_LEVEL = 0;
				GCC_PREPROCESSOR_DEFINITIONS = (
					"DEBUG=1",
					"$(inherited)",
				);
				GCC_SYMBOLS_PRIVATE_EXTERN = NO;
				GCC_VERSION = com.apple.compilers.llvm.clang.1_0;
				GCC_WARN_ABOUT_MISSING_PROTOTYPES = YES;
				GCC_WARN_ABOUT_RETURN_TYPE = YES;
				GCC_WARN_UNUSED_VARIABLE = YES;
				IPHONEOS_DEPLOYMENT_TARGET = 5.0;
				SDKROOT = iphoneos;
			};
			name = Debug;
		};
		C4A4B6111561CDD60039EBCC /* Release */ = {
			isa = XCBuildConfiguration;
			buildSettings = {
				ALWAYS_SEARCH_USER_PATHS = NO;
				ARCHS = "$(ARCHS_STANDARD_32_BIT)";
				"CODE_SIGN_IDENTITY[sdk=iphoneos*]" = "iPhone Developer";
				COPY_PHASE_STRIP = YES;
				GCC_C_LANGUAGE_STANDARD = gnu99;
				GCC_VERSION = com.apple.compilers.llvm.clang.1_0;
				GCC_WARN_ABOUT_MISSING_PROTOTYPES = YES;
				GCC_WARN_ABOUT_RETURN_TYPE = YES;
				GCC_WARN_UNUSED_VARIABLE = YES;
				IPHONEOS_DEPLOYMENT_TARGET = 5.0;
				OTHER_CFLAGS = "-DNS_BLOCK_ASSERTIONS=1";
				SDKROOT = iphoneos;
				VALIDATE_PRODUCT = YES;
			};
			name = Release;
		};
		C4A4B6131561CDD60039EBCC /* Debug */ = {
			isa = XCBuildConfiguration;
			buildSettings = {
				GCC_PRECOMPILE_PREFIX_HEADER = YES;
				GCC_PREFIX_HEADER = "Aoc2_W3/Aoc2_W3-Prefix.pch";
				INFOPLIST_FILE = "Aoc2_W3/Aoc2_W3-Info.plist";
				PRODUCT_NAME = "$(TARGET_NAME)";
				WRAPPER_EXTENSION = app;
			};
			name = Debug;
		};
		C4A4B6141561CDD60039EBCC /* Release */ = {
			isa = XCBuildConfiguration;
			buildSettings = {
				GCC_PRECOMPILE_PREFIX_HEADER = YES;
				GCC_PREFIX_HEADER = "Aoc2_W3/Aoc2_W3-Prefix.pch";
				INFOPLIST_FILE = "Aoc2_W3/Aoc2_W3-Info.plist";
				PRODUCT_NAME = "$(TARGET_NAME)";
				WRAPPER_EXTENSION = app;
			};
			name = Release;
		};
/* End XCBuildConfiguration section */

/* Begin XCConfigurationList section */
		C4A4B5EE1561CDD60039EBCC /* Build configuration list for PBXProject "Aoc2_W3" */ = {
			isa = XCConfigurationList;
			buildConfigurations = (
				C4A4B6101561CDD60039EBCC /* Debug */,
				C4A4B6111561CDD60039EBCC /* Release */,
			);
			defaultConfigurationIsVisible = 0;
			defaultConfigurationName = Release;
		};
		C4A4B6121561CDD60039EBCC /* Build configuration list for PBXNativeTarget "Aoc2_W3" */ = {
			isa = XCConfigurationList;
			buildConfigurations = (
				C4A4B6131561CDD60039EBCC /* Debug */,
				C4A4B6141561CDD60039EBCC /* Release */,
			);
			defaultConfigurationIsVisible = 0;
			defaultConfigurationName = Release;
		};
/* End XCConfigurationList section */
	};
	rootObject = C4A4B5EB1561CDD60039EBCC /* Project object */;
}
