// !$*UTF8*$!
{
	archiveVersion = 1;
	classes = {
	};
	objectVersion = 46;
	objects = {

/* Begin PBXBuildFile section */
		C4AF6852156C839900C1BE83 /* UIKit.framework in Frameworks */ = {isa = PBXBuildFile; fileRef = C4AF6851156C839900C1BE83 /* UIKit.framework */; };
		C4AF6854156C839900C1BE83 /* Foundation.framework in Frameworks */ = {isa = PBXBuildFile; fileRef = C4AF6853156C839900C1BE83 /* Foundation.framework */; };
		C4AF6856156C839900C1BE83 /* CoreGraphics.framework in Frameworks */ = {isa = PBXBuildFile; fileRef = C4AF6855156C839900C1BE83 /* CoreGraphics.framework */; };
		C4AF685C156C839900C1BE83 /* InfoPlist.strings in Resources */ = {isa = PBXBuildFile; fileRef = C4AF685A156C839900C1BE83 /* InfoPlist.strings */; };
		C4AF685E156C839900C1BE83 /* main.m in Sources */ = {isa = PBXBuildFile; fileRef = C4AF685D156C839900C1BE83 /* main.m */; };
		C4AF6862156C839900C1BE83 /* AppDelegate.m in Sources */ = {isa = PBXBuildFile; fileRef = C4AF6861156C839900C1BE83 /* AppDelegate.m */; };
		C4AF6865156C839900C1BE83 /* ViewController.m in Sources */ = {isa = PBXBuildFile; fileRef = C4AF6864156C839900C1BE83 /* ViewController.m */; };
		C4AF6868156C839900C1BE83 /* ViewController.xib in Resources */ = {isa = PBXBuildFile; fileRef = C4AF6866156C839900C1BE83 /* ViewController.xib */; };
		C4AF686F156C84C100C1BE83 /* AddEvent.xib in Resources */ = {isa = PBXBuildFile; fileRef = C4AF686E156C84C100C1BE83 /* AddEvent.xib */; };
		C4AF6872156C84F100C1BE83 /* AddEventController.m in Sources */ = {isa = PBXBuildFile; fileRef = C4AF6871156C84F100C1BE83 /* AddEventController.m */; };
/* End PBXBuildFile section */

/* Begin PBXFileReference section */
		C4AF684D156C839900C1BE83 /* Aoc2_W4.app */ = {isa = PBXFileReference; explicitFileType = wrapper.application; includeInIndex = 0; path = Aoc2_W4.app; sourceTree = BUILT_PRODUCTS_DIR; };
		C4AF6851156C839900C1BE83 /* UIKit.framework */ = {isa = PBXFileReference; lastKnownFileType = wrapper.framework; name = UIKit.framework; path = System/Library/Frameworks/UIKit.framework; sourceTree = SDKROOT; };
		C4AF6853156C839900C1BE83 /* Foundation.framework */ = {isa = PBXFileReference; lastKnownFileType = wrapper.framework; name = Foundation.framework; path = System/Library/Frameworks/Foundation.framework; sourceTree = SDKROOT; };
		C4AF6855156C839900C1BE83 /* CoreGraphics.framework */ = {isa = PBXFileReference; lastKnownFileType = wrapper.framework; name = CoreGraphics.framework; path = System/Library/Frameworks/CoreGraphics.framework; sourceTree = SDKROOT; };
		C4AF6859156C839900C1BE83 /* Aoc2_W4-Info.plist */ = {isa = PBXFileReference; lastKnownFileType = text.plist.xml; path = "Aoc2_W4-Info.plist"; sourceTree = "<group>"; };
		C4AF685B156C839900C1BE83 /* en */ = {isa = PBXFileReference; lastKnownFileType = text.plist.strings; name = en; path = en.lproj/InfoPlist.strings; sourceTree = "<group>"; };
		C4AF685D156C839900C1BE83 /* main.m */ = {isa = PBXFileReference; lastKnownFileType = sourcecode.c.objc; path = main.m; sourceTree = "<group>"; };
		C4AF685F156C839900C1BE83 /* Aoc2_W4-Prefix.pch */ = {isa = PBXFileReference; lastKnownFileType = sourcecode.c.h; path = "Aoc2_W4-Prefix.pch"; sourceTree = "<group>"; };
		C4AF6860156C839900C1BE83 /* AppDelegate.h */ = {isa = PBXFileReference; lastKnownFileType = sourcecode.c.h; path = AppDelegate.h; sourceTree = "<group>"; };
		C4AF6861156C839900C1BE83 /* AppDelegate.m */ = {isa = PBXFileReference; lastKnownFileType = sourcecode.c.objc; path = AppDelegate.m; sourceTree = "<group>"; };
		C4AF6863156C839900C1BE83 /* ViewController.h */ = {isa = PBXFileReference; lastKnownFileType = sourcecode.c.h; path = ViewController.h; sourceTree = "<group>"; };
		C4AF6864156C839900C1BE83 /* ViewController.m */ = {isa = PBXFileReference; lastKnownFileType = sourcecode.c.objc; path = ViewController.m; sourceTree = "<group>"; };
		C4AF6867156C839900C1BE83 /* en */ = {isa = PBXFileReference; lastKnownFileType = file.xib; name = en; path = en.lproj/ViewController.xib; sourceTree = "<group>"; };
		C4AF686E156C84C100C1BE83 /* AddEvent.xib */ = {isa = PBXFileReference; fileEncoding = 4; lastKnownFileType = file.xib; path = AddEvent.xib; sourceTree = "<group>"; };
		C4AF6870156C84F100C1BE83 /* AddEventController.h */ = {isa = PBXFileReference; fileEncoding = 4; lastKnownFileType = sourcecode.c.h; path = AddEventController.h; sourceTree = "<group>"; };
		C4AF6871156C84F100C1BE83 /* AddEventController.m */ = {isa = PBXFileReference; fileEncoding = 4; lastKnownFileType = sourcecode.c.objc; path = AddEventController.m; sourceTree = "<group>"; };
/* End PBXFileReference section */

/* Begin PBXFrameworksBuildPhase section */
		C4AF684A156C839900C1BE83 /* Frameworks */ = {
			isa = PBXFrameworksBuildPhase;
			buildActionMask = 2147483647;
			files = (
				C4AF6852156C839900C1BE83 /* UIKit.framework in Frameworks */,
				C4AF6854156C839900C1BE83 /* Foundation.framework in Frameworks */,
				C4AF6856156C839900C1BE83 /* CoreGraphics.framework in Frameworks */,
			);
			runOnlyForDeploymentPostprocessing = 0;
		};
/* End PBXFrameworksBuildPhase section */

/* Begin PBXGroup section */
		C4AF6842156C839900C1BE83 = {
			isa = PBXGroup;
			children = (
				C4AF6857156C839900C1BE83 /* Aoc2_W4 */,
				C4AF6850156C839900C1BE83 /* Frameworks */,
				C4AF684E156C839900C1BE83 /* Products */,
			);
			sourceTree = "<group>";
		};
		C4AF684E156C839900C1BE83 /* Products */ = {
			isa = PBXGroup;
			children = (
				C4AF684D156C839900C1BE83 /* Aoc2_W4.app */,
			);
			name = Products;
			sourceTree = "<group>";
		};
		C4AF6850156C839900C1BE83 /* Frameworks */ = {
			isa = PBXGroup;
			children = (
				C4AF6851156C839900C1BE83 /* UIKit.framework */,
				C4AF6853156C839900C1BE83 /* Foundation.framework */,
				C4AF6855156C839900C1BE83 /* CoreGraphics.framework */,
			);
			name = Frameworks;
			sourceTree = "<group>";
		};
		C4AF6857156C839900C1BE83 /* Aoc2_W4 */ = {
			isa = PBXGroup;
			children = (
				C4AF6860156C839900C1BE83 /* AppDelegate.h */,
				C4AF6861156C839900C1BE83 /* AppDelegate.m */,
				C4AF6863156C839900C1BE83 /* ViewController.h */,
				C4AF6864156C839900C1BE83 /* ViewController.m */,
				C4AF6866156C839900C1BE83 /* ViewController.xib */,
				C4AF6858156C839900C1BE83 /* Supporting Files */,
				C4AF686E156C84C100C1BE83 /* AddEvent.xib */,
				C4AF6870156C84F100C1BE83 /* AddEventController.h */,
				C4AF6871156C84F100C1BE83 /* AddEventController.m */,
			);
			path = Aoc2_W4;
			sourceTree = "<group>";
		};
		C4AF6858156C839900C1BE83 /* Supporting Files */ = {
			isa = PBXGroup;
			children = (
				C4AF6859156C839900C1BE83 /* Aoc2_W4-Info.plist */,
				C4AF685A156C839900C1BE83 /* InfoPlist.strings */,
				C4AF685D156C839900C1BE83 /* main.m */,
				C4AF685F156C839900C1BE83 /* Aoc2_W4-Prefix.pch */,
			);
			name = "Supporting Files";
			sourceTree = "<group>";
		};
/* End PBXGroup section */

/* Begin PBXNativeTarget section */
		C4AF684C156C839900C1BE83 /* Aoc2_W4 */ = {
			isa = PBXNativeTarget;
			buildConfigurationList = C4AF686B156C839900C1BE83 /* Build configuration list for PBXNativeTarget "Aoc2_W4" */;
			buildPhases = (
				C4AF6849156C839900C1BE83 /* Sources */,
				C4AF684A156C839900C1BE83 /* Frameworks */,
				C4AF684B156C839900C1BE83 /* Resources */,
			);
			buildRules = (
			);
			dependencies = (
			);
			name = Aoc2_W4;
			productName = Aoc2_W4;
			productReference = C4AF684D156C839900C1BE83 /* Aoc2_W4.app */;
			productType = "com.apple.product-type.application";
		};
/* End PBXNativeTarget section */

/* Begin PBXProject section */
		C4AF6844156C839900C1BE83 /* Project object */ = {
			isa = PBXProject;
			attributes = {
				LastUpgradeCheck = 0420;
				ORGANIZATIONNAME = "Full Sail University";
			};
			buildConfigurationList = C4AF6847156C839900C1BE83 /* Build configuration list for PBXProject "Aoc2_W4" */;
			compatibilityVersion = "Xcode 3.2";
			developmentRegion = English;
			hasScannedForEncodings = 0;
			knownRegions = (
				en,
			);
			mainGroup = C4AF6842156C839900C1BE83;
			productRefGroup = C4AF684E156C839900C1BE83 /* Products */;
			projectDirPath = "";
			projectRoot = "";
			targets = (
				C4AF684C156C839900C1BE83 /* Aoc2_W4 */,
			);
		};
/* End PBXProject section */

/* Begin PBXResourcesBuildPhase section */
		C4AF684B156C839900C1BE83 /* Resources */ = {
			isa = PBXResourcesBuildPhase;
			buildActionMask = 2147483647;
			files = (
				C4AF685C156C839900C1BE83 /* InfoPlist.strings in Resources */,
				C4AF6868156C839900C1BE83 /* ViewController.xib in Resources */,
				C4AF686F156C84C100C1BE83 /* AddEvent.xib in Resources */,
			);
			runOnlyForDeploymentPostprocessing = 0;
		};
/* End PBXResourcesBuildPhase section */

/* Begin PBXSourcesBuildPhase section */
		C4AF6849156C839900C1BE83 /* Sources */ = {
			isa = PBXSourcesBuildPhase;
			buildActionMask = 2147483647;
			files = (
				C4AF685E156C839900C1BE83 /* main.m in Sources */,
				C4AF6862156C839900C1BE83 /* AppDelegate.m in Sources */,
				C4AF6865156C839900C1BE83 /* ViewController.m in Sources */,
				C4AF6872156C84F100C1BE83 /* AddEventController.m in Sources */,
			);
			runOnlyForDeploymentPostprocessing = 0;
		};
/* End PBXSourcesBuildPhase section */

/* Begin PBXVariantGroup section */
		C4AF685A156C839900C1BE83 /* InfoPlist.strings */ = {
			isa = PBXVariantGroup;
			children = (
				C4AF685B156C839900C1BE83 /* en */,
			);
			name = InfoPlist.strings;
			sourceTree = "<group>";
		};
		C4AF6866156C839900C1BE83 /* ViewController.xib */ = {
			isa = PBXVariantGroup;
			children = (
				C4AF6867156C839900C1BE83 /* en */,
			);
			name = ViewController.xib;
			sourceTree = "<group>";
		};
/* End PBXVariantGroup section */

/* Begin XCBuildConfiguration section */
		C4AF6869156C839900C1BE83 /* Debug */ = {
			isa = XCBuildConfiguration;
			buildSettings = {
				ALWAYS_SEARCH_USER_PATHS = NO;
				ARCHS = "$(ARCHS_STANDARD_32_BIT)";
				"CODE_SIGN_IDENTITY[sdk=iphoneos*]" = "iPhone Developer";
				COPY_PHASE_STRIP = NO;
				GCC_C_LANGUAGE_STANDARD = gnu99;
				GCC_DYNAMIC_NO_PIC = NO;
				GCC_OPTIMIZATION_LEVEL = 0;
				GCC_PREPROCESSOR_DEFINITIONS = (
					"DEBUG=1",
					"$(inherited)",
				);
				GCC_SYMBOLS_PRIVATE_EXTERN = NO;
				GCC_VERSION = com.apple.compilers.llvm.clang.1_0;
				GCC_WARN_ABOUT_MISSING_PROTOTYPES = YES;
				GCC_WARN_ABOUT_RETURN_TYPE = YES;
				GCC_WARN_UNUSED_VARIABLE = YES;
				IPHONEOS_DEPLOYMENT_TARGET = 5.0;
				SDKROOT = iphoneos;
			};
			name = Debug;
		};
		C4AF686A156C839900C1BE83 /* Release */ = {
			isa = XCBuildConfiguration;
			buildSettings = {
				ALWAYS_SEARCH_USER_PATHS = NO;
				ARCHS = "$(ARCHS_STANDARD_32_BIT)";
				"CODE_SIGN_IDENTITY[sdk=iphoneos*]" = "iPhone Developer";
				COPY_PHASE_STRIP = YES;
				GCC_C_LANGUAGE_STANDARD = gnu99;
				GCC_VERSION = com.apple.compilers.llvm.clang.1_0;
				GCC_WARN_ABOUT_MISSING_PROTOTYPES = YES;
				GCC_WARN_ABOUT_RETURN_TYPE = YES;
				GCC_WARN_UNUSED_VARIABLE = YES;
				IPHONEOS_DEPLOYMENT_TARGET = 5.0;
				OTHER_CFLAGS = "-DNS_BLOCK_ASSERTIONS=1";
				SDKROOT = iphoneos;
				VALIDATE_PRODUCT = YES;
			};
			name = Release;
		};
		C4AF686C156C839900C1BE83 /* Debug */ = {
			isa = XCBuildConfiguration;
			buildSettings = {
				GCC_PRECOMPILE_PREFIX_HEADER = YES;
				GCC_PREFIX_HEADER = "Aoc2_W4/Aoc2_W4-Prefix.pch";
				INFOPLIST_FILE = "Aoc2_W4/Aoc2_W4-Info.plist";
				PRODUCT_NAME = "$(TARGET_NAME)";
				WRAPPER_EXTENSION = app;
			};
			name = Debug;
		};
		C4AF686D156C839900C1BE83 /* Release */ = {
			isa = XCBuildConfiguration;
			buildSettings = {
				GCC_PRECOMPILE_PREFIX_HEADER = YES;
				GCC_PREFIX_HEADER = "Aoc2_W4/Aoc2_W4-Prefix.pch";
				INFOPLIST_FILE = "Aoc2_W4/Aoc2_W4-Info.plist";
				PRODUCT_NAME = "$(TARGET_NAME)";
				WRAPPER_EXTENSION = app;
			};
			name = Release;
		};
/* End XCBuildConfiguration section */

/* Begin XCConfigurationList section */
		C4AF6847156C839900C1BE83 /* Build configuration list for PBXProject "Aoc2_W4" */ = {
			isa = XCConfigurationList;
			buildConfigurations = (
				C4AF6869156C839900C1BE83 /* Debug */,
				C4AF686A156C839900C1BE83 /* Release */,
			);
			defaultConfigurationIsVisible = 0;
			defaultConfigurationName = Release;
		};
		C4AF686B156C839900C1BE83 /* Build configuration list for PBXNativeTarget "Aoc2_W4" */ = {
			isa = XCConfigurationList;
			buildConfigurations = (
				C4AF686C156C839900C1BE83 /* Debug */,
				C4AF686D156C839900C1BE83 /* Release */,
			);
			defaultConfigurationIsVisible = 0;
		};
/* End XCConfigurationList section */
	};
	rootObject = C4AF6844156C839900C1BE83 /* Project object */;
}
